Microsoft Visual Studio Solution File, Format Version 12.00
# Visual Studio Version 16
VisualStudioVersion = 16.0.29920.165
MinimumVisualStudioVersion = 15.0.26124.0
Project("{D954291E-2A0B-460D-934E-DC6B0785DB48}") = "MyWinUIApp.Shared", "MyWinUIApp.Shared\MyWinUIApp.Shared.shproj", "{6279C845-92F8-4333-AB99-3D213163593C}"
EndProject
Project("{FAE04EC0-301F-11D3-BF4B-00C04F79EFBC}") = "MyWinUIApp.Droid", "MyWinUIApp.Droid\MyWinUIApp.Droid.csproj", "{2C0BC9C3-E840-45CF-8F8E-DB9798E4F40C}"
EndProject
Project("{FAE04EC0-301F-11D3-BF4B-00C04F79EFBC}") = "MyWinUIApp.iOS", "MyWinUIApp.iOS\MyWinUIApp.iOS.csproj", "{68E00998-72E9-4DC8-BA1E-B6E3F31F0D54}"
EndProject
Project("{FAE04EC0-301F-11D3-BF4B-00C04F79EFBC}") = "MyWinUIApp.Uwp", "MyWinUIApp.UWP\MyWinUIApp.Uwp.csproj", "{E31331A9-5B22-4F5D-8610-130453EA8034}"
EndProject
Project("{9A19103F-16F7-4668-BE54-9A1E7A4F7556}") = "MyWinUIApp.Wasm", "MyWinUIApp.Wasm\MyWinUIApp.Wasm.csproj", "{40EA03F7-8A22-4143-B251-79BAC3EB13D2}"
EndProject
Project("{FAE04EC0-301F-11D3-BF4B-00C04F79EFBC}") = "MyWinUIApp.macOS", "MyWinUIApp.macOS\MyWinUIApp.macOS.csproj", "{94FB5B36-3D99-408A-9F0E-20064F20C659}"
EndProject
Project("{9A19103F-16F7-4668-BE54-9A1E7A4F7556}") = "MyWinUIApp.Skia.Gtk", "MyWinUIApp.Skia.Gtk\MyWinUIApp.Skia.Gtk.csproj", "{A5B8155A-118F-4794-B551-C6F3CF7E5411}"
EndProject
Project("{9A19103F-16F7-4668-BE54-9A1E7A4F7556}") = "MyWinUIApp.Skia.WPF", "MyWinUIApp.Skia.WPF\MyWinUIApp.Skia.WPF.csproj", "{D14920ED-4A40-441C-A090-F79CFA9DBBAA}"
EndProject
Project("{9A19103F-16F7-4668-BE54-9A1E7A4F7556}") = "MyWinUIApp.Skia.Wpf.Host", "MyWinUIApp.Skia.WPF.Host\MyWinUIApp.Skia.Wpf.Host.csproj", "{6CF284A4-22B1-4F05-97F4-F095C07A598E}"
EndProject
Project("{9A19103F-16F7-4668-BE54-9A1E7A4F7556}") = "MyWinUIApp.Windows.Desktop", "MyWinUIApp.Windows.Desktop\MyWinUIApp.Windows.Desktop.csproj", "{1AA13270-F438-4864-9435-54FD806E10EA}"
EndProject
Project("{C7167F0D-BC9F-4E6E-AFE1-012C56B48DB5}") = "MyWinUIApp.Windows.Package", "MyWinUIApp.Windows.Package\MyWinUIApp.Windows.Package.wapproj", "{6D4B5134-A1B0-4808-8152-23881C49B115}"
EndProject
Global
	GlobalSection(SharedMSBuildProjectFiles) = preSolution
		MyWinUIApp.Shared\MyWinUIApp.Shared.projitems*{1aa13270-f438-4864-9435-54fd806e10ea}*SharedItemsImports = 5
		MyWinUIApp.Shared\MyWinUIApp.Shared.projitems*{2c0bc9c3-e840-45cf-8f8e-db9798e4f40c}*SharedItemsImports = 4
		MyWinUIApp.Shared\MyWinUIApp.Shared.projitems*{40ea03f7-8a22-4143-b251-79bac3eb13d2}*SharedItemsImports = 5
		MyWinUIApp.Shared\MyWinUIApp.Shared.projitems*{6279c845-92f8-4333-ab99-3d213163593c}*SharedItemsImports = 13
		MyWinUIApp.Shared\MyWinUIApp.Shared.projitems*{68e00998-72e9-4dc8-ba1e-b6e3f31f0d54}*SharedItemsImports = 4
		MyWinUIApp.Shared\MyWinUIApp.Shared.projitems*{94fb5b36-3d99-408a-9f0e-20064f20c659}*SharedItemsImports = 4
		MyWinUIApp.Shared\MyWinUIApp.Shared.projitems*{a5b8155a-118f-4794-b551-c6f3cf7e5411}*SharedItemsImports = 5
		MyWinUIApp.Shared\MyWinUIApp.Shared.projitems*{d14920ed-4a40-441c-a090-f79cfa9dbbaa}*SharedItemsImports = 5
		MyWinUIApp.Shared\MyWinUIApp.Shared.projitems*{e31331a9-5b22-4f5d-8610-130453ea8034}*SharedItemsImports = 4
	EndGlobalSection
	GlobalSection(SolutionConfigurationPlatforms) = preSolution
		Debug|Any CPU = Debug|Any CPU
		Debug|ARM = Debug|ARM
		Debug|ARM64 = Debug|ARM64
		Debug|iPhone = Debug|iPhone
		Debug|iPhoneSimulator = Debug|iPhoneSimulator
		Debug|x64 = Debug|x64
		Debug|x86 = Debug|x86
		Release|Any CPU = Release|Any CPU
		Release|ARM = Release|ARM
		Release|ARM64 = Release|ARM64
		Release|iPhone = Release|iPhone
		Release|iPhoneSimulator = Release|iPhoneSimulator
		Release|x64 = Release|x64
		Release|x86 = Release|x86
	EndGlobalSection
	GlobalSection(ProjectConfigurationPlatforms) = postSolution
		{2C0BC9C3-E840-45CF-8F8E-DB9798E4F40C}.Debug|Any CPU.ActiveCfg = Debug|Any CPU
		{2C0BC9C3-E840-45CF-8F8E-DB9798E4F40C}.Debug|Any CPU.Build.0 = Debug|Any CPU
		{2C0BC9C3-E840-45CF-8F8E-DB9798E4F40C}.Debug|Any CPU.Deploy.0 = Debug|Any CPU
		{2C0BC9C3-E840-45CF-8F8E-DB9798E4F40C}.Debug|ARM.ActiveCfg = Debug|Any CPU
		{2C0BC9C3-E840-45CF-8F8E-DB9798E4F40C}.Debug|ARM.Build.0 = Debug|Any CPU
		{2C0BC9C3-E840-45CF-8F8E-DB9798E4F40C}.Debug|ARM.Deploy.0 = Debug|Any CPU
		{2C0BC9C3-E840-45CF-8F8E-DB9798E4F40C}.Debug|ARM64.ActiveCfg = Debug|Any CPU
		{2C0BC9C3-E840-45CF-8F8E-DB9798E4F40C}.Debug|ARM64.Build.0 = Debug|Any CPU
		{2C0BC9C3-E840-45CF-8F8E-DB9798E4F40C}.Debug|ARM64.Deploy.0 = Debug|Any CPU
		{2C0BC9C3-E840-45CF-8F8E-DB9798E4F40C}.Debug|iPhone.ActiveCfg = Debug|Any CPU
		{2C0BC9C3-E840-45CF-8F8E-DB9798E4F40C}.Debug|iPhone.Build.0 = Debug|Any CPU
		{2C0BC9C3-E840-45CF-8F8E-DB9798E4F40C}.Debug|iPhone.Deploy.0 = Debug|Any CPU
		{2C0BC9C3-E840-45CF-8F8E-DB9798E4F40C}.Debug|iPhoneSimulator.ActiveCfg = Debug|Any CPU
		{2C0BC9C3-E840-45CF-8F8E-DB9798E4F40C}.Debug|iPhoneSimulator.Build.0 = Debug|Any CPU
		{2C0BC9C3-E840-45CF-8F8E-DB9798E4F40C}.Debug|iPhoneSimulator.Deploy.0 = Debug|Any CPU
		{2C0BC9C3-E840-45CF-8F8E-DB9798E4F40C}.Debug|x64.ActiveCfg = Debug|Any CPU
		{2C0BC9C3-E840-45CF-8F8E-DB9798E4F40C}.Debug|x64.Build.0 = Debug|Any CPU
		{2C0BC9C3-E840-45CF-8F8E-DB9798E4F40C}.Debug|x64.Deploy.0 = Debug|Any CPU
		{2C0BC9C3-E840-45CF-8F8E-DB9798E4F40C}.Debug|x86.ActiveCfg = Debug|Any CPU
		{2C0BC9C3-E840-45CF-8F8E-DB9798E4F40C}.Debug|x86.Build.0 = Debug|Any CPU
		{2C0BC9C3-E840-45CF-8F8E-DB9798E4F40C}.Debug|x86.Deploy.0 = Debug|Any CPU
		{2C0BC9C3-E840-45CF-8F8E-DB9798E4F40C}.Release|Any CPU.ActiveCfg = Release|Any CPU
		{2C0BC9C3-E840-45CF-8F8E-DB9798E4F40C}.Release|Any CPU.Build.0 = Release|Any CPU
		{2C0BC9C3-E840-45CF-8F8E-DB9798E4F40C}.Release|Any CPU.Deploy.0 = Release|Any CPU
		{2C0BC9C3-E840-45CF-8F8E-DB9798E4F40C}.Release|ARM.ActiveCfg = Release|Any CPU
		{2C0BC9C3-E840-45CF-8F8E-DB9798E4F40C}.Release|ARM.Build.0 = Release|Any CPU
		{2C0BC9C3-E840-45CF-8F8E-DB9798E4F40C}.Release|ARM.Deploy.0 = Release|Any CPU
		{2C0BC9C3-E840-45CF-8F8E-DB9798E4F40C}.Release|ARM64.ActiveCfg = Release|Any CPU
		{2C0BC9C3-E840-45CF-8F8E-DB9798E4F40C}.Release|ARM64.Build.0 = Release|Any CPU
		{2C0BC9C3-E840-45CF-8F8E-DB9798E4F40C}.Release|ARM64.Deploy.0 = Release|Any CPU
		{2C0BC9C3-E840-45CF-8F8E-DB9798E4F40C}.Release|iPhone.ActiveCfg = Release|Any CPU
		{2C0BC9C3-E840-45CF-8F8E-DB9798E4F40C}.Release|iPhone.Build.0 = Release|Any CPU
		{2C0BC9C3-E840-45CF-8F8E-DB9798E4F40C}.Release|iPhone.Deploy.0 = Release|Any CPU
		{2C0BC9C3-E840-45CF-8F8E-DB9798E4F40C}.Release|iPhoneSimulator.ActiveCfg = Release|Any CPU
		{2C0BC9C3-E840-45CF-8F8E-DB9798E4F40C}.Release|iPhoneSimulator.Build.0 = Release|Any CPU
		{2C0BC9C3-E840-45CF-8F8E-DB9798E4F40C}.Release|iPhoneSimulator.Deploy.0 = Release|Any CPU
		{2C0BC9C3-E840-45CF-8F8E-DB9798E4F40C}.Release|x64.ActiveCfg = Release|Any CPU
		{2C0BC9C3-E840-45CF-8F8E-DB9798E4F40C}.Release|x64.Build.0 = Release|Any CPU
		{2C0BC9C3-E840-45CF-8F8E-DB9798E4F40C}.Release|x64.Deploy.0 = Release|Any CPU
		{2C0BC9C3-E840-45CF-8F8E-DB9798E4F40C}.Release|x86.ActiveCfg = Release|Any CPU
		{2C0BC9C3-E840-45CF-8F8E-DB9798E4F40C}.Release|x86.Build.0 = Release|Any CPU
		{2C0BC9C3-E840-45CF-8F8E-DB9798E4F40C}.Release|x86.Deploy.0 = Release|Any CPU
		{68E00998-72E9-4DC8-BA1E-B6E3F31F0D54}.Debug|Any CPU.ActiveCfg = Debug|iPhone
		{68E00998-72E9-4DC8-BA1E-B6E3F31F0D54}.Debug|Any CPU.Build.0 = Debug|iPhone
		{68E00998-72E9-4DC8-BA1E-B6E3F31F0D54}.Debug|Any CPU.Deploy.0 = Debug|iPhone
		{68E00998-72E9-4DC8-BA1E-B6E3F31F0D54}.Debug|ARM.ActiveCfg = Debug|iPhone
		{68E00998-72E9-4DC8-BA1E-B6E3F31F0D54}.Debug|ARM64.ActiveCfg = Debug|iPhone
		{68E00998-72E9-4DC8-BA1E-B6E3F31F0D54}.Debug|iPhone.ActiveCfg = Debug|iPhone
		{68E00998-72E9-4DC8-BA1E-B6E3F31F0D54}.Debug|iPhone.Build.0 = Debug|iPhone
		{68E00998-72E9-4DC8-BA1E-B6E3F31F0D54}.Debug|iPhoneSimulator.ActiveCfg = Debug|iPhoneSimulator
		{68E00998-72E9-4DC8-BA1E-B6E3F31F0D54}.Debug|iPhoneSimulator.Build.0 = Debug|iPhoneSimulator
		{68E00998-72E9-4DC8-BA1E-B6E3F31F0D54}.Debug|x64.ActiveCfg = Debug|iPhone
		{68E00998-72E9-4DC8-BA1E-B6E3F31F0D54}.Debug|x64.Build.0 = Debug|iPhone
		{68E00998-72E9-4DC8-BA1E-B6E3F31F0D54}.Debug|x64.Deploy.0 = Debug|iPhone
		{68E00998-72E9-4DC8-BA1E-B6E3F31F0D54}.Debug|x86.ActiveCfg = Debug|iPhoneSimulator
		{68E00998-72E9-4DC8-BA1E-B6E3F31F0D54}.Debug|x86.Build.0 = Debug|iPhoneSimulator
		{68E00998-72E9-4DC8-BA1E-B6E3F31F0D54}.Debug|x86.Deploy.0 = Debug|iPhoneSimulator
		{68E00998-72E9-4DC8-BA1E-B6E3F31F0D54}.Release|Any CPU.ActiveCfg = Release|iPhone
		{68E00998-72E9-4DC8-BA1E-B6E3F31F0D54}.Release|ARM.ActiveCfg = Release|iPhone
		{68E00998-72E9-4DC8-BA1E-B6E3F31F0D54}.Release|ARM64.ActiveCfg = Release|iPhone
		{68E00998-72E9-4DC8-BA1E-B6E3F31F0D54}.Release|iPhone.ActiveCfg = Release|iPhone
		{68E00998-72E9-4DC8-BA1E-B6E3F31F0D54}.Release|iPhone.Build.0 = Release|iPhone
		{68E00998-72E9-4DC8-BA1E-B6E3F31F0D54}.Release|iPhoneSimulator.ActiveCfg = Release|iPhoneSimulator
		{68E00998-72E9-4DC8-BA1E-B6E3F31F0D54}.Release|iPhoneSimulator.Build.0 = Release|iPhoneSimulator
		{68E00998-72E9-4DC8-BA1E-B6E3F31F0D54}.Release|x64.ActiveCfg = Release|iPhoneSimulator
		{68E00998-72E9-4DC8-BA1E-B6E3F31F0D54}.Release|x64.Build.0 = Release|iPhoneSimulator
		{68E00998-72E9-4DC8-BA1E-B6E3F31F0D54}.Release|x64.Deploy.0 = Release|iPhoneSimulator
		{68E00998-72E9-4DC8-BA1E-B6E3F31F0D54}.Release|x86.ActiveCfg = Release|iPhoneSimulator
		{68E00998-72E9-4DC8-BA1E-B6E3F31F0D54}.Release|x86.Build.0 = Release|iPhoneSimulator
		{E31331A9-5B22-4F5D-8610-130453EA8034}.Debug|Any CPU.ActiveCfg = Debug|x86
		{E31331A9-5B22-4F5D-8610-130453EA8034}.Debug|Any CPU.Build.0 = Debug|x86
		{E31331A9-5B22-4F5D-8610-130453EA8034}.Debug|Any CPU.Deploy.0 = Debug|x86
		{E31331A9-5B22-4F5D-8610-130453EA8034}.Debug|ARM.ActiveCfg = Debug|ARM
		{E31331A9-5B22-4F5D-8610-130453EA8034}.Debug|ARM.Build.0 = Debug|ARM
		{E31331A9-5B22-4F5D-8610-130453EA8034}.Debug|ARM.Deploy.0 = Debug|ARM
		{E31331A9-5B22-4F5D-8610-130453EA8034}.Debug|ARM64.ActiveCfg = Debug|ARM64
		{E31331A9-5B22-4F5D-8610-130453EA8034}.Debug|ARM64.Build.0 = Debug|ARM64
		{E31331A9-5B22-4F5D-8610-130453EA8034}.Debug|ARM64.Deploy.0 = Debug|ARM64
		{E31331A9-5B22-4F5D-8610-130453EA8034}.Debug|iPhone.ActiveCfg = Debug|x86
		{E31331A9-5B22-4F5D-8610-130453EA8034}.Debug|iPhone.Build.0 = Debug|x86
		{E31331A9-5B22-4F5D-8610-130453EA8034}.Debug|iPhone.Deploy.0 = Debug|x86
		{E31331A9-5B22-4F5D-8610-130453EA8034}.Debug|iPhoneSimulator.ActiveCfg = Debug|x86
		{E31331A9-5B22-4F5D-8610-130453EA8034}.Debug|iPhoneSimulator.Build.0 = Debug|x86
		{E31331A9-5B22-4F5D-8610-130453EA8034}.Debug|iPhoneSimulator.Deploy.0 = Debug|x86
		{E31331A9-5B22-4F5D-8610-130453EA8034}.Debug|x64.ActiveCfg = Debug|x64
		{E31331A9-5B22-4F5D-8610-130453EA8034}.Debug|x64.Build.0 = Debug|x64
		{E31331A9-5B22-4F5D-8610-130453EA8034}.Debug|x64.Deploy.0 = Debug|x64
		{E31331A9-5B22-4F5D-8610-130453EA8034}.Debug|x86.ActiveCfg = Debug|x86
		{E31331A9-5B22-4F5D-8610-130453EA8034}.Debug|x86.Build.0 = Debug|x86
		{E31331A9-5B22-4F5D-8610-130453EA8034}.Debug|x86.Deploy.0 = Debug|x86
		{E31331A9-5B22-4F5D-8610-130453EA8034}.Release|Any CPU.ActiveCfg = Release|x86
		{E31331A9-5B22-4F5D-8610-130453EA8034}.Release|ARM.ActiveCfg = Release|ARM
		{E31331A9-5B22-4F5D-8610-130453EA8034}.Release|ARM.Build.0 = Release|ARM
		{E31331A9-5B22-4F5D-8610-130453EA8034}.Release|ARM.Deploy.0 = Release|ARM
		{E31331A9-5B22-4F5D-8610-130453EA8034}.Release|ARM64.ActiveCfg = Release|ARM64
		{E31331A9-5B22-4F5D-8610-130453EA8034}.Release|ARM64.Build.0 = Release|ARM64
		{E31331A9-5B22-4F5D-8610-130453EA8034}.Release|ARM64.Deploy.0 = Release|ARM64
		{E31331A9-5B22-4F5D-8610-130453EA8034}.Release|iPhone.ActiveCfg = Release|x86
		{E31331A9-5B22-4F5D-8610-130453EA8034}.Release|iPhone.Build.0 = Release|x86
		{E31331A9-5B22-4F5D-8610-130453EA8034}.Release|iPhoneSimulator.ActiveCfg = Release|x86
		{E31331A9-5B22-4F5D-8610-130453EA8034}.Release|iPhoneSimulator.Build.0 = Release|x86
		{E31331A9-5B22-4F5D-8610-130453EA8034}.Release|iPhoneSimulator.Deploy.0 = Release|x86
		{E31331A9-5B22-4F5D-8610-130453EA8034}.Release|x64.ActiveCfg = Release|x64
		{E31331A9-5B22-4F5D-8610-130453EA8034}.Release|x64.Build.0 = Release|x64
		{E31331A9-5B22-4F5D-8610-130453EA8034}.Release|x64.Deploy.0 = Release|x64
		{E31331A9-5B22-4F5D-8610-130453EA8034}.Release|x86.ActiveCfg = Release|x86
		{E31331A9-5B22-4F5D-8610-130453EA8034}.Release|x86.Build.0 = Release|x86
		{E31331A9-5B22-4F5D-8610-130453EA8034}.Release|x86.Deploy.0 = Release|x86
		{40EA03F7-8A22-4143-B251-79BAC3EB13D2}.Debug|Any CPU.ActiveCfg = Debug|Any CPU
		{40EA03F7-8A22-4143-B251-79BAC3EB13D2}.Debug|Any CPU.Build.0 = Debug|Any CPU
		{40EA03F7-8A22-4143-B251-79BAC3EB13D2}.Debug|ARM.ActiveCfg = Debug|Any CPU
		{40EA03F7-8A22-4143-B251-79BAC3EB13D2}.Debug|ARM.Build.0 = Debug|Any CPU
		{40EA03F7-8A22-4143-B251-79BAC3EB13D2}.Debug|ARM64.ActiveCfg = Debug|Any CPU
		{40EA03F7-8A22-4143-B251-79BAC3EB13D2}.Debug|ARM64.Build.0 = Debug|Any CPU
		{40EA03F7-8A22-4143-B251-79BAC3EB13D2}.Debug|iPhone.ActiveCfg = Debug|Any CPU
		{40EA03F7-8A22-4143-B251-79BAC3EB13D2}.Debug|iPhone.Build.0 = Debug|Any CPU
		{40EA03F7-8A22-4143-B251-79BAC3EB13D2}.Debug|iPhoneSimulator.ActiveCfg = Debug|Any CPU
		{40EA03F7-8A22-4143-B251-79BAC3EB13D2}.Debug|iPhoneSimulator.Build.0 = Debug|Any CPU
		{40EA03F7-8A22-4143-B251-79BAC3EB13D2}.Debug|x64.ActiveCfg = Debug|Any CPU
		{40EA03F7-8A22-4143-B251-79BAC3EB13D2}.Debug|x64.Build.0 = Debug|Any CPU
		{40EA03F7-8A22-4143-B251-79BAC3EB13D2}.Debug|x86.ActiveCfg = Debug|Any CPU
		{40EA03F7-8A22-4143-B251-79BAC3EB13D2}.Debug|x86.Build.0 = Debug|Any CPU
		{40EA03F7-8A22-4143-B251-79BAC3EB13D2}.Release|Any CPU.ActiveCfg = Release|Any CPU
		{40EA03F7-8A22-4143-B251-79BAC3EB13D2}.Release|Any CPU.Build.0 = Release|Any CPU
		{40EA03F7-8A22-4143-B251-79BAC3EB13D2}.Release|ARM.ActiveCfg = Release|Any CPU
		{40EA03F7-8A22-4143-B251-79BAC3EB13D2}.Release|ARM.Build.0 = Release|Any CPU
		{40EA03F7-8A22-4143-B251-79BAC3EB13D2}.Release|ARM64.ActiveCfg = Release|Any CPU
		{40EA03F7-8A22-4143-B251-79BAC3EB13D2}.Release|ARM64.Build.0 = Release|Any CPU
		{40EA03F7-8A22-4143-B251-79BAC3EB13D2}.Release|iPhone.ActiveCfg = Release|Any CPU
		{40EA03F7-8A22-4143-B251-79BAC3EB13D2}.Release|iPhone.Build.0 = Release|Any CPU
		{40EA03F7-8A22-4143-B251-79BAC3EB13D2}.Release|iPhoneSimulator.ActiveCfg = Release|Any CPU
		{40EA03F7-8A22-4143-B251-79BAC3EB13D2}.Release|iPhoneSimulator.Build.0 = Release|Any CPU
		{40EA03F7-8A22-4143-B251-79BAC3EB13D2}.Release|x64.ActiveCfg = Release|Any CPU
		{40EA03F7-8A22-4143-B251-79BAC3EB13D2}.Release|x64.Build.0 = Release|Any CPU
		{40EA03F7-8A22-4143-B251-79BAC3EB13D2}.Release|x86.ActiveCfg = Release|Any CPU
		{40EA03F7-8A22-4143-B251-79BAC3EB13D2}.Release|x86.Build.0 = Release|Any CPU
		{94FB5B36-3D99-408A-9F0E-20064F20C659}.Debug|Any CPU.ActiveCfg = Debug|iPhoneSimulator
		{94FB5B36-3D99-408A-9F0E-20064F20C659}.Debug|Any CPU.Build.0 = Debug|iPhoneSimulator
		{94FB5B36-3D99-408A-9F0E-20064F20C659}.Debug|ARM.ActiveCfg = Debug|iPhoneSimulator
		{94FB5B36-3D99-408A-9F0E-20064F20C659}.Debug|ARM64.ActiveCfg = Debug|iPhoneSimulator
		{94FB5B36-3D99-408A-9F0E-20064F20C659}.Debug|iPhone.ActiveCfg = Debug|iPhoneSimulator
		{94FB5B36-3D99-408A-9F0E-20064F20C659}.Debug|iPhone.Build.0 = Debug|iPhoneSimulator
		{94FB5B36-3D99-408A-9F0E-20064F20C659}.Debug|iPhoneSimulator.ActiveCfg = Debug|iPhoneSimulator
		{94FB5B36-3D99-408A-9F0E-20064F20C659}.Debug|iPhoneSimulator.Build.0 = Debug|iPhoneSimulator
		{94FB5B36-3D99-408A-9F0E-20064F20C659}.Debug|x64.ActiveCfg = Debug|iPhoneSimulator
		{94FB5B36-3D99-408A-9F0E-20064F20C659}.Debug|x64.Build.0 = Debug|iPhoneSimulator
		{94FB5B36-3D99-408A-9F0E-20064F20C659}.Debug|x86.ActiveCfg = Debug|iPhoneSimulator
		{94FB5B36-3D99-408A-9F0E-20064F20C659}.Debug|x86.Build.0 = Debug|iPhoneSimulator
		{94FB5B36-3D99-408A-9F0E-20064F20C659}.Release|Any CPU.ActiveCfg = Release|iPhoneSimulator
		{94FB5B36-3D99-408A-9F0E-20064F20C659}.Release|ARM.ActiveCfg = Release|iPhoneSimulator
		{94FB5B36-3D99-408A-9F0E-20064F20C659}.Release|ARM64.ActiveCfg = Release|iPhoneSimulator
		{94FB5B36-3D99-408A-9F0E-20064F20C659}.Release|iPhone.ActiveCfg = Release|iPhoneSimulator
		{94FB5B36-3D99-408A-9F0E-20064F20C659}.Release|iPhone.Build.0 = Release|iPhoneSimulator
		{94FB5B36-3D99-408A-9F0E-20064F20C659}.Release|iPhoneSimulator.ActiveCfg = Release|iPhoneSimulator
		{94FB5B36-3D99-408A-9F0E-20064F20C659}.Release|iPhoneSimulator.Build.0 = Release|iPhoneSimulator
		{94FB5B36-3D99-408A-9F0E-20064F20C659}.Release|x64.ActiveCfg = Release|iPhoneSimulator
		{94FB5B36-3D99-408A-9F0E-20064F20C659}.Release|x64.Build.0 = Release|iPhoneSimulator
		{94FB5B36-3D99-408A-9F0E-20064F20C659}.Release|x86.ActiveCfg = Release|iPhoneSimulator
		{94FB5B36-3D99-408A-9F0E-20064F20C659}.Release|x86.Build.0 = Release|iPhoneSimulator
		{A5B8155A-118F-4794-B551-C6F3CF7E5411}.Debug|Any CPU.ActiveCfg = Debug|Any CPU
		{A5B8155A-118F-4794-B551-C6F3CF7E5411}.Debug|Any CPU.Build.0 = Debug|Any CPU
		{A5B8155A-118F-4794-B551-C6F3CF7E5411}.Debug|ARM.ActiveCfg = Debug|Any CPU
		{A5B8155A-118F-4794-B551-C6F3CF7E5411}.Debug|ARM.Build.0 = Debug|Any CPU
		{A5B8155A-118F-4794-B551-C6F3CF7E5411}.Debug|ARM64.ActiveCfg = Debug|Any CPU
		{A5B8155A-118F-4794-B551-C6F3CF7E5411}.Debug|ARM64.Build.0 = Debug|Any CPU
		{A5B8155A-118F-4794-B551-C6F3CF7E5411}.Debug|iPhone.ActiveCfg = Debug|Any CPU
		{A5B8155A-118F-4794-B551-C6F3CF7E5411}.Debug|iPhone.Build.0 = Debug|Any CPU
		{A5B8155A-118F-4794-B551-C6F3CF7E5411}.Debug|iPhoneSimulator.ActiveCfg = Debug|Any CPU
		{A5B8155A-118F-4794-B551-C6F3CF7E5411}.Debug|iPhoneSimulator.Build.0 = Debug|Any CPU
		{A5B8155A-118F-4794-B551-C6F3CF7E5411}.Debug|x64.ActiveCfg = Debug|Any CPU
		{A5B8155A-118F-4794-B551-C6F3CF7E5411}.Debug|x64.Build.0 = Debug|Any CPU
		{A5B8155A-118F-4794-B551-C6F3CF7E5411}.Debug|x86.ActiveCfg = Debug|Any CPU
		{A5B8155A-118F-4794-B551-C6F3CF7E5411}.Debug|x86.Build.0 = Debug|Any CPU
		{A5B8155A-118F-4794-B551-C6F3CF7E5411}.Release|Any CPU.ActiveCfg = Release|Any CPU
		{A5B8155A-118F-4794-B551-C6F3CF7E5411}.Release|Any CPU.Build.0 = Release|Any CPU
		{A5B8155A-118F-4794-B551-C6F3CF7E5411}.Release|ARM.ActiveCfg = Release|Any CPU
		{A5B8155A-118F-4794-B551-C6F3CF7E5411}.Release|ARM.Build.0 = Release|Any CPU
		{A5B8155A-118F-4794-B551-C6F3CF7E5411}.Release|ARM64.ActiveCfg = Release|Any CPU
		{A5B8155A-118F-4794-B551-C6F3CF7E5411}.Release|ARM64.Build.0 = Release|Any CPU
		{A5B8155A-118F-4794-B551-C6F3CF7E5411}.Release|iPhone.ActiveCfg = Release|Any CPU
		{A5B8155A-118F-4794-B551-C6F3CF7E5411}.Release|iPhone.Build.0 = Release|Any CPU
		{A5B8155A-118F-4794-B551-C6F3CF7E5411}.Release|iPhoneSimulator.ActiveCfg = Release|Any CPU
		{A5B8155A-118F-4794-B551-C6F3CF7E5411}.Release|iPhoneSimulator.Build.0 = Release|Any CPU
		{A5B8155A-118F-4794-B551-C6F3CF7E5411}.Release|x64.ActiveCfg = Release|Any CPU
		{A5B8155A-118F-4794-B551-C6F3CF7E5411}.Release|x64.Build.0 = Release|Any CPU
		{A5B8155A-118F-4794-B551-C6F3CF7E5411}.Release|x86.ActiveCfg = Release|Any CPU
		{A5B8155A-118F-4794-B551-C6F3CF7E5411}.Release|x86.Build.0 = Release|Any CPU
		{D14920ED-4A40-441C-A090-F79CFA9DBBAA}.Debug|Any CPU.ActiveCfg = Debug|Any CPU
		{D14920ED-4A40-441C-A090-F79CFA9DBBAA}.Debug|Any CPU.Build.0 = Debug|Any CPU
		{D14920ED-4A40-441C-A090-F79CFA9DBBAA}.Debug|Any CPU.Deploy.0 = Debug|Any CPU
		{D14920ED-4A40-441C-A090-F79CFA9DBBAA}.Debug|ARM.ActiveCfg = Debug|Any CPU
		{D14920ED-4A40-441C-A090-F79CFA9DBBAA}.Debug|ARM.Build.0 = Debug|Any CPU
		{D14920ED-4A40-441C-A090-F79CFA9DBBAA}.Debug|ARM.Deploy.0 = Debug|Any CPU
		{D14920ED-4A40-441C-A090-F79CFA9DBBAA}.Debug|ARM64.ActiveCfg = Debug|Any CPU
		{D14920ED-4A40-441C-A090-F79CFA9DBBAA}.Debug|ARM64.Build.0 = Debug|Any CPU
		{D14920ED-4A40-441C-A090-F79CFA9DBBAA}.Debug|ARM64.Deploy.0 = Debug|Any CPU
		{D14920ED-4A40-441C-A090-F79CFA9DBBAA}.Debug|iPhone.ActiveCfg = Debug|Any CPU
		{D14920ED-4A40-441C-A090-F79CFA9DBBAA}.Debug|iPhone.Build.0 = Debug|Any CPU
		{D14920ED-4A40-441C-A090-F79CFA9DBBAA}.Debug|iPhone.Deploy.0 = Debug|Any CPU
		{D14920ED-4A40-441C-A090-F79CFA9DBBAA}.Debug|iPhoneSimulator.ActiveCfg = Debug|Any CPU
		{D14920ED-4A40-441C-A090-F79CFA9DBBAA}.Debug|iPhoneSimulator.Build.0 = Debug|Any CPU
		{D14920ED-4A40-441C-A090-F79CFA9DBBAA}.Debug|iPhoneSimulator.Deploy.0 = Debug|Any CPU
		{D14920ED-4A40-441C-A090-F79CFA9DBBAA}.Debug|x64.ActiveCfg = Debug|Any CPU
		{D14920ED-4A40-441C-A090-F79CFA9DBBAA}.Debug|x64.Build.0 = Debug|Any CPU
		{D14920ED-4A40-441C-A090-F79CFA9DBBAA}.Debug|x64.Deploy.0 = Debug|Any CPU
		{D14920ED-4A40-441C-A090-F79CFA9DBBAA}.Debug|x86.ActiveCfg = Debug|Any CPU
		{D14920ED-4A40-441C-A090-F79CFA9DBBAA}.Debug|x86.Build.0 = Debug|Any CPU
		{D14920ED-4A40-441C-A090-F79CFA9DBBAA}.Debug|x86.Deploy.0 = Debug|Any CPU
		{D14920ED-4A40-441C-A090-F79CFA9DBBAA}.Release|Any CPU.ActiveCfg = Release|Any CPU
		{D14920ED-4A40-441C-A090-F79CFA9DBBAA}.Release|Any CPU.Build.0 = Release|Any CPU
		{D14920ED-4A40-441C-A090-F79CFA9DBBAA}.Release|ARM.ActiveCfg = Release|Any CPU
		{D14920ED-4A40-441C-A090-F79CFA9DBBAA}.Release|ARM.Build.0 = Release|Any CPU
		{D14920ED-4A40-441C-A090-F79CFA9DBBAA}.Release|ARM.Deploy.0 = Release|Any CPU
		{D14920ED-4A40-441C-A090-F79CFA9DBBAA}.Release|ARM64.ActiveCfg = Release|Any CPU
		{D14920ED-4A40-441C-A090-F79CFA9DBBAA}.Release|ARM64.Build.0 = Release|Any CPU
		{D14920ED-4A40-441C-A090-F79CFA9DBBAA}.Release|ARM64.Deploy.0 = Release|Any CPU
		{D14920ED-4A40-441C-A090-F79CFA9DBBAA}.Release|iPhone.ActiveCfg = Release|Any CPU
		{D14920ED-4A40-441C-A090-F79CFA9DBBAA}.Release|iPhone.Build.0 = Release|Any CPU
		{D14920ED-4A40-441C-A090-F79CFA9DBBAA}.Release|iPhoneSimulator.ActiveCfg = Release|Any CPU
		{D14920ED-4A40-441C-A090-F79CFA9DBBAA}.Release|iPhoneSimulator.Build.0 = Release|Any CPU
		{D14920ED-4A40-441C-A090-F79CFA9DBBAA}.Release|iPhoneSimulator.Deploy.0 = Release|Any CPU
		{D14920ED-4A40-441C-A090-F79CFA9DBBAA}.Release|x64.ActiveCfg = Release|Any CPU
		{D14920ED-4A40-441C-A090-F79CFA9DBBAA}.Release|x64.Build.0 = Release|Any CPU
		{D14920ED-4A40-441C-A090-F79CFA9DBBAA}.Release|x64.Deploy.0 = Release|Any CPU
		{D14920ED-4A40-441C-A090-F79CFA9DBBAA}.Release|x86.ActiveCfg = Release|Any CPU
		{D14920ED-4A40-441C-A090-F79CFA9DBBAA}.Release|x86.Build.0 = Release|Any CPU
		{D14920ED-4A40-441C-A090-F79CFA9DBBAA}.Release|x86.Deploy.0 = Release|Any CPU
		{6CF284A4-22B1-4F05-97F4-F095C07A598E}.Debug|Any CPU.ActiveCfg = Debug|Any CPU
		{6CF284A4-22B1-4F05-97F4-F095C07A598E}.Debug|Any CPU.Build.0 = Debug|Any CPU
		{6CF284A4-22B1-4F05-97F4-F095C07A598E}.Debug|ARM.ActiveCfg = Debug|Any CPU
		{6CF284A4-22B1-4F05-97F4-F095C07A598E}.Debug|ARM.Build.0 = Debug|Any CPU
		{6CF284A4-22B1-4F05-97F4-F095C07A598E}.Debug|ARM64.ActiveCfg = Debug|Any CPU
		{6CF284A4-22B1-4F05-97F4-F095C07A598E}.Debug|ARM64.Build.0 = Debug|Any CPU
		{6CF284A4-22B1-4F05-97F4-F095C07A598E}.Debug|iPhone.ActiveCfg = Debug|Any CPU
		{6CF284A4-22B1-4F05-97F4-F095C07A598E}.Debug|iPhone.Build.0 = Debug|Any CPU
		{6CF284A4-22B1-4F05-97F4-F095C07A598E}.Debug|iPhoneSimulator.ActiveCfg = Debug|Any CPU
		{6CF284A4-22B1-4F05-97F4-F095C07A598E}.Debug|iPhoneSimulator.Build.0 = Debug|Any CPU
		{6CF284A4-22B1-4F05-97F4-F095C07A598E}.Debug|x64.ActiveCfg = Debug|Any CPU
		{6CF284A4-22B1-4F05-97F4-F095C07A598E}.Debug|x64.Build.0 = Debug|Any CPU
		{6CF284A4-22B1-4F05-97F4-F095C07A598E}.Debug|x86.ActiveCfg = Debug|Any CPU
		{6CF284A4-22B1-4F05-97F4-F095C07A598E}.Debug|x86.Build.0 = Debug|Any CPU
		{6CF284A4-22B1-4F05-97F4-F095C07A598E}.Release|Any CPU.ActiveCfg = Release|Any CPU
		{6CF284A4-22B1-4F05-97F4-F095C07A598E}.Release|Any CPU.Build.0 = Release|Any CPU
		{6CF284A4-22B1-4F05-97F4-F095C07A598E}.Release|ARM.ActiveCfg = Release|Any CPU
		{6CF284A4-22B1-4F05-97F4-F095C07A598E}.Release|ARM.Build.0 = Release|Any CPU
		{6CF284A4-22B1-4F05-97F4-F095C07A598E}.Release|ARM64.ActiveCfg = Release|Any CPU
		{6CF284A4-22B1-4F05-97F4-F095C07A598E}.Release|ARM64.Build.0 = Release|Any CPU
		{6CF284A4-22B1-4F05-97F4-F095C07A598E}.Release|iPhone.ActiveCfg = Release|Any CPU
		{6CF284A4-22B1-4F05-97F4-F095C07A598E}.Release|iPhone.Build.0 = Release|Any CPU
		{6CF284A4-22B1-4F05-97F4-F095C07A598E}.Release|iPhoneSimulator.ActiveCfg = Release|Any CPU
		{6CF284A4-22B1-4F05-97F4-F095C07A598E}.Release|iPhoneSimulator.Build.0 = Release|Any CPU
		{6CF284A4-22B1-4F05-97F4-F095C07A598E}.Release|x64.ActiveCfg = Release|Any CPU
		{6CF284A4-22B1-4F05-97F4-F095C07A598E}.Release|x64.Build.0 = Release|Any CPU
		{6CF284A4-22B1-4F05-97F4-F095C07A598E}.Release|x86.ActiveCfg = Release|Any CPU
		{6CF284A4-22B1-4F05-97F4-F095C07A598E}.Release|x86.Build.0 = Release|Any CPU
		{1AA13270-F438-4864-9435-54FD806E10EA}.Debug|Any CPU.ActiveCfg = Debug|x86
		{1AA13270-F438-4864-9435-54FD806E10EA}.Debug|Any CPU.Build.0 = Debug|x86
		{1AA13270-F438-4864-9435-54FD806E10EA}.Debug|ARM.ActiveCfg = Debug|Any CPU
		{1AA13270-F438-4864-9435-54FD806E10EA}.Debug|ARM.Build.0 = Debug|Any CPU
		{1AA13270-F438-4864-9435-54FD806E10EA}.Debug|ARM64.ActiveCfg = Debug|x86
		{1AA13270-F438-4864-9435-54FD806E10EA}.Debug|ARM64.Build.0 = Debug|x86
		{1AA13270-F438-4864-9435-54FD806E10EA}.Debug|iPhone.ActiveCfg = Debug|Any CPU
		{1AA13270-F438-4864-9435-54FD806E10EA}.Debug|iPhone.Build.0 = Debug|Any CPU
		{1AA13270-F438-4864-9435-54FD806E10EA}.Debug|iPhoneSimulator.ActiveCfg = Debug|Any CPU
		{1AA13270-F438-4864-9435-54FD806E10EA}.Debug|iPhoneSimulator.Build.0 = Debug|Any CPU
		{1AA13270-F438-4864-9435-54FD806E10EA}.Debug|x64.ActiveCfg = Debug|x86
		{1AA13270-F438-4864-9435-54FD806E10EA}.Debug|x64.Build.0 = Debug|x86
		{1AA13270-F438-4864-9435-54FD806E10EA}.Debug|x86.ActiveCfg = Debug|x86
		{1AA13270-F438-4864-9435-54FD806E10EA}.Debug|x86.Build.0 = Debug|x86
		{1AA13270-F438-4864-9435-54FD806E10EA}.Release|Any CPU.ActiveCfg = Release|Any CPU
		{1AA13270-F438-4864-9435-54FD806E10EA}.Release|Any CPU.Build.0 = Release|Any CPU
		{1AA13270-F438-4864-9435-54FD806E10EA}.Release|ARM.ActiveCfg = Release|Any CPU
		{1AA13270-F438-4864-9435-54FD806E10EA}.Release|ARM.Build.0 = Release|Any CPU
		{1AA13270-F438-4864-9435-54FD806E10EA}.Release|ARM64.ActiveCfg = Release|x86
		{1AA13270-F438-4864-9435-54FD806E10EA}.Release|ARM64.Build.0 = Release|x86
		{1AA13270-F438-4864-9435-54FD806E10EA}.Release|iPhone.ActiveCfg = Release|Any CPU
		{1AA13270-F438-4864-9435-54FD806E10EA}.Release|iPhone.Build.0 = Release|Any CPU
		{1AA13270-F438-4864-9435-54FD806E10EA}.Release|iPhoneSimulator.ActiveCfg = Release|Any CPU
		{1AA13270-F438-4864-9435-54FD806E10EA}.Release|iPhoneSimulator.Build.0 = Release|Any CPU
		{1AA13270-F438-4864-9435-54FD806E10EA}.Release|x64.ActiveCfg = Release|x86
		{1AA13270-F438-4864-9435-54FD806E10EA}.Release|x64.Build.0 = Release|x86
		{1AA13270-F438-4864-9435-54FD806E10EA}.Release|x86.ActiveCfg = Release|x86
		{1AA13270-F438-4864-9435-54FD806E10EA}.Release|x86.Build.0 = Release|x86
		{6D4B5134-A1B0-4808-8152-23881C49B115}.Debug|Any CPU.ActiveCfg = Debug|x86
		{6D4B5134-A1B0-4808-8152-23881C49B115}.Debug|ARM.ActiveCfg = Debug|x86
		{6D4B5134-A1B0-4808-8152-23881C49B115}.Debug|ARM64.ActiveCfg = Debug|arm64
		{6D4B5134-A1B0-4808-8152-23881C49B115}.Debug|ARM64.Build.0 = Debug|arm64
		{6D4B5134-A1B0-4808-8152-23881C49B115}.Debug|ARM64.Deploy.0 = Debug|arm64
		{6D4B5134-A1B0-4808-8152-23881C49B115}.Debug|iPhone.ActiveCfg = Debug|x86
		{6D4B5134-A1B0-4808-8152-23881C49B115}.Debug|iPhoneSimulator.ActiveCfg = Debug|x86
		{6D4B5134-A1B0-4808-8152-23881C49B115}.Debug|x64.ActiveCfg = Debug|x64
		{6D4B5134-A1B0-4808-8152-23881C49B115}.Debug|x64.Build.0 = Debug|x64
		{6D4B5134-A1B0-4808-8152-23881C49B115}.Debug|x64.Deploy.0 = Debug|x64
		{6D4B5134-A1B0-4808-8152-23881C49B115}.Debug|x86.ActiveCfg = Debug|x86
		{6D4B5134-A1B0-4808-8152-23881C49B115}.Debug|x86.Build.0 = Debug|x86
		{6D4B5134-A1B0-4808-8152-23881C49B115}.Debug|x86.Deploy.0 = Debug|x86
		{6D4B5134-A1B0-4808-8152-23881C49B115}.Release|Any CPU.ActiveCfg = Release|x86
		{6D4B5134-A1B0-4808-8152-23881C49B115}.Release|ARM.ActiveCfg = Release|x86
		{6D4B5134-A1B0-4808-8152-23881C49B115}.Release|ARM64.ActiveCfg = Release|arm64
		{6D4B5134-A1B0-4808-8152-23881C49B115}.Release|ARM64.Build.0 = Release|arm64
		{6D4B5134-A1B0-4808-8152-23881C49B115}.Release|ARM64.Deploy.0 = Release|arm64
		{6D4B5134-A1B0-4808-8152-23881C49B115}.Release|iPhone.ActiveCfg = Release|x86
		{6D4B5134-A1B0-4808-8152-23881C49B115}.Release|iPhoneSimulator.ActiveCfg = Release|x86
		{6D4B5134-A1B0-4808-8152-23881C49B115}.Release|x64.ActiveCfg = Release|x64
		{6D4B5134-A1B0-4808-8152-23881C49B115}.Release|x64.Build.0 = Release|x64
		{6D4B5134-A1B0-4808-8152-23881C49B115}.Release|x64.Deploy.0 = Release|x64
		{6D4B5134-A1B0-4808-8152-23881C49B115}.Release|x86.ActiveCfg = Release|x86
		{6D4B5134-A1B0-4808-8152-23881C49B115}.Release|x86.Build.0 = Release|x86
		{6D4B5134-A1B0-4808-8152-23881C49B115}.Release|x86.Deploy.0 = Release|x86
	EndGlobalSection
	GlobalSection(SolutionProperties) = preSolution
		HideSolutionNode = FALSE
	EndGlobalSection
	GlobalSection(ExtensibilityGlobals) = postSolution
		SolutionGuid = {C7433AE2-B1A0-4C1A-887E-5CAA7AAF67A6}
	EndGlobalSection
EndGlobal
